{
  "name": "@nlib/test",
  "version": "1.2.2",
  "lockfileVersion": 1,
  "requires": true,
  "dependencies": {
    "@nlib/human-readable": {
      "version": "1.0.1",
      "resolved": "https://registry.npmjs.org/@nlib/human-readable/-/human-readable-1.0.1.tgz",
      "integrity": "sha512-9tgBDwIIbDxouEjhqb/q3bVmYU3RCH6I5AtdOPBZmj2ML/W1i/4tLQ23iy5hIFgwoRIg66Kt280COHvwoW1+fA=="
    },
    "@nlib/lint": {
      "version": "2.2.1",
      "resolved": "https://registry.npmjs.org/@nlib/lint/-/lint-2.2.1.tgz",
      "integrity": "sha1-aWb55cNrWX9IHj4aGz+65uqztoY=",
      "dev": true
    }
  }
}
