{
  "name": "@nlib/test",
  "version": "1.3.4",
  "lockfileVersion": 1,
  "requires": true,
  "dependencies": {
    "@nlib/human-readable": {
      "version": "1.0.1",
      "resolved": "https://registry.npmjs.org/@nlib/human-readable/-/human-readable-1.0.1.tgz",
      "integrity": "sha512-9tgBDwIIbDxouEjhqb/q3bVmYU3RCH6I5AtdOPBZmj2ML/W1i/4tLQ23iy5hIFgwoRIg66Kt280COHvwoW1+fA=="
    },
    "@nlib/lint": {
      "version": "2.2.3",
      "resolved": "https://registry.npmjs.org/@nlib/lint/-/lint-2.2.3.tgz",
      "integrity": "sha512-sHCUYSm2oxeCe1T+h3JHZ4M2LWobOjttSkiB5hF74gR7ZLscHMsQN397iG4w388SlI+4NJzDuBG0QB6dLK90yg==",
      "dev": true,
      "requires": {
        "minimist": "1.2.0"
      }
    },
    "minimist": {
      "version": "1.2.0",
      "resolved": "https://registry.npmjs.org/minimist/-/minimist-1.2.0.tgz",
      "integrity": "sha1-o1AIsg9BOD7sH7kU9M1d95omQoQ=",
      "dev": true
    }
  }
}
